// !$*UTF8*$!
{
	archiveVersion = 1;
	classes = {
	};
	objectVersion = 56;
	objects = {

/* Begin PBXBuildFile section */
		5EA8F55D2A60164A0091EF91 /* AppDelegate.swift in Sources */ = {isa = PBXBuildFile; fileRef = 5EA8F55C2A60164A0091EF91 /* AppDelegate.swift */; };
		5EA8F55F2A60164A0091EF91 /* SceneDelegate.swift in Sources */ = {isa = PBXBuildFile; fileRef = 5EA8F55E2A60164A0091EF91 /* SceneDelegate.swift */; };
		5EA8F5612A60164A0091EF91 /* MainTabBarViewController.swift in Sources */ = {isa = PBXBuildFile; fileRef = 5EA8F5602A60164A0091EF91 /* MainTabBarViewController.swift */; };
		5EA8F5662A60164B0091EF91 /* Assets.xcassets in Resources */ = {isa = PBXBuildFile; fileRef = 5EA8F5652A60164B0091EF91 /* Assets.xcassets */; };
		5EA8F5692A60164B0091EF91 /* LaunchScreen.storyboard in Resources */ = {isa = PBXBuildFile; fileRef = 5EA8F5672A60164B0091EF91 /* LaunchScreen.storyboard */; };
		5EA8F5722A61C6E20091EF91 /* HomeViewController.swift in Sources */ = {isa = PBXBuildFile; fileRef = 5EA8F5712A61C6E20091EF91 /* HomeViewController.swift */; };
		5EA8F5742A61C7820091EF91 /* UpcomingViewController.swift in Sources */ = {isa = PBXBuildFile; fileRef = 5EA8F5732A61C7820091EF91 /* UpcomingViewController.swift */; };
		5EA8F5762A61C7BB0091EF91 /* SeacrhViewController.swift in Sources */ = {isa = PBXBuildFile; fileRef = 5EA8F5752A61C7BB0091EF91 /* SeacrhViewController.swift */; };
		5EA8F57A2A61C84C0091EF91 /* DownloadsViewController.swift in Sources */ = {isa = PBXBuildFile; fileRef = 5EA8F5792A61C84C0091EF91 /* DownloadsViewController.swift */; };
		5EA8F5812A648CB40091EF91 /* CollectionViewTableViewCell.swift in Sources */ = {isa = PBXBuildFile; fileRef = 5EA8F5802A648CB40091EF91 /* CollectionViewTableViewCell.swift */; };
		5EA8F5832A6868810091EF91 /* HeroHeaderUIView.swift in Sources */ = {isa = PBXBuildFile; fileRef = 5EA8F5822A6868810091EF91 /* HeroHeaderUIView.swift */; };
		5EA8F5852A6BC11F0091EF91 /* APICaller.swift in Sources */ = {isa = PBXBuildFile; fileRef = 5EA8F5842A6BC11F0091EF91 /* APICaller.swift */; };
/* End PBXBuildFile section */

/* Begin PBXFileReference section */
		5EA8F5592A60164A0091EF91 /* App.app */ = {isa = PBXFileReference; explicitFileType = wrapper.application; includeInIndex = 0; path = App.app; sourceTree = BUILT_PRODUCTS_DIR; };
		5EA8F55C2A60164A0091EF91 /* AppDelegate.swift */ = {isa = PBXFileReference; lastKnownFileType = sourcecode.swift; path = AppDelegate.swift; sourceTree = "<group>"; };
		5EA8F55E2A60164A0091EF91 /* SceneDelegate.swift */ = {isa = PBXFileReference; lastKnownFileType = sourcecode.swift; path = SceneDelegate.swift; sourceTree = "<group>"; };
		5EA8F5602A60164A0091EF91 /* MainTabBarViewController.swift */ = {isa = PBXFileReference; lastKnownFileType = sourcecode.swift; path = MainTabBarViewController.swift; sourceTree = "<group>"; };
		5EA8F5652A60164B0091EF91 /* Assets.xcassets */ = {isa = PBXFileReference; lastKnownFileType = folder.assetcatalog; path = Assets.xcassets; sourceTree = "<group>"; };
		5EA8F5682A60164B0091EF91 /* Base */ = {isa = PBXFileReference; lastKnownFileType = file.storyboard; name = Base; path = Base.lproj/LaunchScreen.storyboard; sourceTree = "<group>"; };
		5EA8F56A2A60164B0091EF91 /* Info.plist */ = {isa = PBXFileReference; lastKnownFileType = text.plist.xml; path = Info.plist; sourceTree = "<group>"; };
		5EA8F5712A61C6E20091EF91 /* HomeViewController.swift */ = {isa = PBXFileReference; lastKnownFileType = sourcecode.swift; path = HomeViewController.swift; sourceTree = "<group>"; };
		5EA8F5732A61C7820091EF91 /* UpcomingViewController.swift */ = {isa = PBXFileReference; lastKnownFileType = sourcecode.swift; path = UpcomingViewController.swift; sourceTree = "<group>"; };
		5EA8F5752A61C7BB0091EF91 /* SeacrhViewController.swift */ = {isa = PBXFileReference; lastKnownFileType = sourcecode.swift; path = SeacrhViewController.swift; sourceTree = "<group>"; };
		5EA8F5792A61C84C0091EF91 /* DownloadsViewController.swift */ = {isa = PBXFileReference; lastKnownFileType = sourcecode.swift; path = DownloadsViewController.swift; sourceTree = "<group>"; };
		5EA8F5802A648CB40091EF91 /* CollectionViewTableViewCell.swift */ = {isa = PBXFileReference; lastKnownFileType = sourcecode.swift; path = CollectionViewTableViewCell.swift; sourceTree = "<group>"; };
		5EA8F5822A6868810091EF91 /* HeroHeaderUIView.swift */ = {isa = PBXFileReference; lastKnownFileType = sourcecode.swift; path = HeroHeaderUIView.swift; sourceTree = "<group>"; };
		5EA8F5842A6BC11F0091EF91 /* APICaller.swift */ = {isa = PBXFileReference; lastKnownFileType = sourcecode.swift; path = APICaller.swift; sourceTree = "<group>"; };
/* End PBXFileReference section */

/* Begin PBXFrameworksBuildPhase section */
		5EA8F5562A60164A0091EF91 /* Frameworks */ = {
			isa = PBXFrameworksBuildPhase;
			buildActionMask = 2147483647;
			files = (
			);
			runOnlyForDeploymentPostprocessing = 0;
		};
/* End PBXFrameworksBuildPhase section */

/* Begin PBXGroup section */
		5EA8F5502A60164A0091EF91 = {
			isa = PBXGroup;
			children = (
				5EA8F55B2A60164A0091EF91 /* App */,
				5EA8F55A2A60164A0091EF91 /* Products */,
			);
			sourceTree = "<group>";
		};
		5EA8F55A2A60164A0091EF91 /* Products */ = {
			isa = PBXGroup;
			children = (
				5EA8F5592A60164A0091EF91 /* App.app */,
			);
			name = Products;
			sourceTree = "<group>";
		};
		5EA8F55B2A60164A0091EF91 /* App */ = {
			isa = PBXGroup;
			children = (
				5EA8F57F2A648C4E0091EF91 /* Managers */,
				5EA8F57E2A648C3A0091EF91 /* Resources */,
				5EA8F57D2A648A6F0091EF91 /* Models */,
				5EA8F57C2A648A620091EF91 /* Views */,
				5EA8F57B2A648A4F0091EF91 /* ViewModels */,
				5EA8F5702A61C6AA0091EF91 /* Controllers */,
				5EA8F55C2A60164A0091EF91 /* AppDelegate.swift */,
				5EA8F55E2A60164A0091EF91 /* SceneDelegate.swift */,
				5EA8F5602A60164A0091EF91 /* MainTabBarViewController.swift */,
				5EA8F5652A60164B0091EF91 /* Assets.xcassets */,
				5EA8F5672A60164B0091EF91 /* LaunchScreen.storyboard */,
				5EA8F56A2A60164B0091EF91 /* Info.plist */,
			);
			path = App;
			sourceTree = "<group>";
		};
		5EA8F5702A61C6AA0091EF91 /* Controllers */ = {
			isa = PBXGroup;
			children = (
				5EA8F5712A61C6E20091EF91 /* HomeViewController.swift */,
				5EA8F5732A61C7820091EF91 /* UpcomingViewController.swift */,
				5EA8F5752A61C7BB0091EF91 /* SeacrhViewController.swift */,
				5EA8F5792A61C84C0091EF91 /* DownloadsViewController.swift */,
			);
			name = Controllers;
			sourceTree = "<group>";
		};
		5EA8F57B2A648A4F0091EF91 /* ViewModels */ = {
			isa = PBXGroup;
			children = (
			);
			name = ViewModels;
			sourceTree = "<group>";
		};
		5EA8F57C2A648A620091EF91 /* Views */ = {
			isa = PBXGroup;
			children = (
				5EA8F5802A648CB40091EF91 /* CollectionViewTableViewCell.swift */,
				5EA8F5822A6868810091EF91 /* HeroHeaderUIView.swift */,
			);
			name = Views;
			sourceTree = "<group>";
		};
		5EA8F57D2A648A6F0091EF91 /* Models */ = {
			isa = PBXGroup;
			children = (
			);
			name = Models;
			sourceTree = "<group>";
		};
		5EA8F57E2A648C3A0091EF91 /* Resources */ = {
			isa = PBXGroup;
			children = (
			);
			name = Resources;
			sourceTree = "<group>";
		};
		5EA8F57F2A648C4E0091EF91 /* Managers */ = {
			isa = PBXGroup;
			children = (
				5EA8F5842A6BC11F0091EF91 /* APICaller.swift */,
			);
			name = Managers;
			sourceTree = "<group>";
		};
/* End PBXGroup section */

/* Begin PBXNativeTarget section */
		5EA8F5582A60164A0091EF91 /* App */ = {
			isa = PBXNativeTarget;
			buildConfigurationList = 5EA8F56D2A60164B0091EF91 /* Build configuration list for PBXNativeTarget "App" */;
			buildPhases = (
				5EA8F5552A60164A0091EF91 /* Sources */,
				5EA8F5562A60164A0091EF91 /* Frameworks */,
				5EA8F5572A60164A0091EF91 /* Resources */,
			);
			buildRules = (
			);
			dependencies = (
			);
			name = App;
			productName = App;
			productReference = 5EA8F5592A60164A0091EF91 /* App.app */;
			productType = "com.apple.product-type.application";
		};
/* End PBXNativeTarget section */

/* Begin PBXProject section */
		5EA8F5512A60164A0091EF91 /* Project object */ = {
			isa = PBXProject;
			attributes = {
				BuildIndependentTargetsInParallel = 1;
				LastSwiftUpdateCheck = 1430;
				LastUpgradeCheck = 1430;
				TargetAttributes = {
					5EA8F5582A60164A0091EF91 = {
						CreatedOnToolsVersion = 14.3.1;
					};
				};
			};
			buildConfigurationList = 5EA8F5542A60164A0091EF91 /* Build configuration list for PBXProject "App" */;
			compatibilityVersion = "Xcode 14.0";
			developmentRegion = en;
			hasScannedForEncodings = 0;
			knownRegions = (
				en,
				Base,
			);
			mainGroup = 5EA8F5502A60164A0091EF91;
			productRefGroup = 5EA8F55A2A60164A0091EF91 /* Products */;
			projectDirPath = "";
			projectRoot = "";
			targets = (
				5EA8F5582A60164A0091EF91 /* App */,
			);
		};
/* End PBXProject section */

/* Begin PBXResourcesBuildPhase section */
		5EA8F5572A60164A0091EF91 /* Resources */ = {
			isa = PBXResourcesBuildPhase;
			buildActionMask = 2147483647;
			files = (
				5EA8F5692A60164B0091EF91 /* LaunchScreen.storyboard in Resources */,
				5EA8F5662A60164B0091EF91 /* Assets.xcassets in Resources */,
			);
			runOnlyForDeploymentPostprocessing = 0;
		};
/* End PBXResourcesBuildPhase section */

/* Begin PBXSourcesBuildPhase section */
		5EA8F5552A60164A0091EF91 /* Sources */ = {
			isa = PBXSourcesBuildPhase;
			buildActionMask = 2147483647;
			files = (
				5EA8F5612A60164A0091EF91 /* MainTabBarViewController.swift in Sources */,
				5EA8F55D2A60164A0091EF91 /* AppDelegate.swift in Sources */,
				5EA8F5812A648CB40091EF91 /* CollectionViewTableViewCell.swift in Sources */,
				5EA8F5852A6BC11F0091EF91 /* APICaller.swift in Sources */,
				5EA8F5832A6868810091EF91 /* HeroHeaderUIView.swift in Sources */,
				5EA8F57A2A61C84C0091EF91 /* DownloadsViewController.swift in Sources */,
				5EA8F5762A61C7BB0091EF91 /* SeacrhViewController.swift in Sources */,
				5EA8F55F2A60164A0091EF91 /* SceneDelegate.swift in Sources */,
				5EA8F5742A61C7820091EF91 /* UpcomingViewController.swift in Sources */,
				5EA8F5722A61C6E20091EF91 /* HomeViewController.swift in Sources */,
			);
			runOnlyForDeploymentPostprocessing = 0;
		};
/* End PBXSourcesBuildPhase section */

/* Begin PBXVariantGroup section */
		5EA8F5672A60164B0091EF91 /* LaunchScreen.storyboard */ = {
			isa = PBXVariantGroup;
			children = (
				5EA8F5682A60164B0091EF91 /* Base */,
			);
			name = LaunchScreen.storyboard;
			sourceTree = "<group>";
		};
/* End PBXVariantGroup section */

/* Begin XCBuildConfiguration section */
		5EA8F56B2A60164B0091EF91 /* Debug */ = {
			isa = XCBuildConfiguration;
			buildSettings = {
				ALWAYS_SEARCH_USER_PATHS = NO;
				CLANG_ANALYZER_NONNULL = YES;
				CLANG_ANALYZER_NUMBER_OBJECT_CONVERSION = YES_AGGRESSIVE;
				CLANG_CXX_LANGUAGE_STANDARD = "gnu++20";
				CLANG_ENABLE_MODULES = YES;
				CLANG_ENABLE_OBJC_ARC = YES;
				CLANG_ENABLE_OBJC_WEAK = YES;
				CLANG_WARN_BLOCK_CAPTURE_AUTORELEASING = YES;
				CLANG_WARN_BOOL_CONVERSION = YES;
				CLANG_WARN_COMMA = YES;
				CLANG_WARN_CONSTANT_CONVERSION = YES;
				CLANG_WARN_DEPRECATED_OBJC_IMPLEMENTATIONS = YES;
				CLANG_WARN_DIRECT_OBJC_ISA_USAGE = YES_ERROR;
				CLANG_WARN_DOCUMENTATION_COMMENTS = YES;
				CLANG_WARN_EMPTY_BODY = YES;
				CLANG_WARN_ENUM_CONVERSION = YES;
				CLANG_WARN_INFINITE_RECURSION = YES;
				CLANG_WARN_INT_CONVERSION = YES;
				CLANG_WARN_NON_LITERAL_NULL_CONVERSION = YES;
				CLANG_WARN_OBJC_IMPLICIT_RETAIN_SELF = YES;
				CLANG_WARN_OBJC_LITERAL_CONVERSION = YES;
				CLANG_WARN_OBJC_ROOT_CLASS = YES_ERROR;
				CLANG_WARN_QUOTED_INCLUDE_IN_FRAMEWORK_HEADER = YES;
				CLANG_WARN_RANGE_LOOP_ANALYSIS = YES;
				CLANG_WARN_STRICT_PROTOTYPES = YES;
				CLANG_WARN_SUSPICIOUS_MOVE = YES;
				CLANG_WARN_UNGUARDED_AVAILABILITY = YES_AGGRESSIVE;
				CLANG_WARN_UNREACHABLE_CODE = YES;
				CLANG_WARN__DUPLICATE_METHOD_MATCH = YES;
				COPY_PHASE_STRIP = NO;
				DEBUG_INFORMATION_FORMAT = dwarf;
				ENABLE_STRICT_OBJC_MSGSEND = YES;
				ENABLE_TESTABILITY = YES;
				GCC_C_LANGUAGE_STANDARD = gnu11;
				GCC_DYNAMIC_NO_PIC = NO;
				GCC_NO_COMMON_BLOCKS = YES;
				GCC_OPTIMIZATION_LEVEL = 0;
				GCC_PREPROCESSOR_DEFINITIONS = (
					"DEBUG=1",
					"$(inherited)",
				);
				GCC_WARN_64_TO_32_BIT_CONVERSION = YES;
				GCC_WARN_ABOUT_RETURN_TYPE = YES_ERROR;
				GCC_WARN_UNDECLARED_SELECTOR = YES;
				GCC_WARN_UNINITIALIZED_AUTOS = YES_AGGRESSIVE;
				GCC_WARN_UNUSED_FUNCTION = YES;
				GCC_WARN_UNUSED_VARIABLE = YES;
				IPHONEOS_DEPLOYMENT_TARGET = 16.4;
				MTL_ENABLE_DEBUG_INFO = INCLUDE_SOURCE;
				MTL_FAST_MATH = YES;
				ONLY_ACTIVE_ARCH = YES;
				SDKROOT = iphoneos;
				SWIFT_ACTIVE_COMPILATION_CONDITIONS = DEBUG;
				SWIFT_OPTIMIZATION_LEVEL = "-Onone";
			};
			name = Debug;
		};
		5EA8F56C2A60164B0091EF91 /* Release */ = {
			isa = XCBuildConfiguration;
			buildSettings = {
				ALWAYS_SEARCH_USER_PATHS = NO;
				CLANG_ANALYZER_NONNULL = YES;
				CLANG_ANALYZER_NUMBER_OBJECT_CONVERSION = YES_AGGRESSIVE;
				CLANG_CXX_LANGUAGE_STANDARD = "gnu++20";
				CLANG_ENABLE_MODULES = YES;
				CLANG_ENABLE_OBJC_ARC = YES;
				CLANG_ENABLE_OBJC_WEAK = YES;
				CLANG_WARN_BLOCK_CAPTURE_AUTORELEASING = YES;
				CLANG_WARN_BOOL_CONVERSION = YES;
				CLANG_WARN_COMMA = YES;
				CLANG_WARN_CONSTANT_CONVERSION = YES;
				CLANG_WARN_DEPRECATED_OBJC_IMPLEMENTATIONS = YES;
				CLANG_WARN_DIRECT_OBJC_ISA_USAGE = YES_ERROR;
				CLANG_WARN_DOCUMENTATION_COMMENTS = YES;
				CLANG_WARN_EMPTY_BODY = YES;
				CLANG_WARN_ENUM_CONVERSION = YES;
				CLANG_WARN_INFINITE_RECURSION = YES;
				CLANG_WARN_INT_CONVERSION = YES;
				CLANG_WARN_NON_LITERAL_NULL_CONVERSION = YES;
				CLANG_WARN_OBJC_IMPLICIT_RETAIN_SELF = YES;
				CLANG_WARN_OBJC_LITERAL_CONVERSION = YES;
				CLANG_WARN_OBJC_ROOT_CLASS = YES_ERROR;
				CLANG_WARN_QUOTED_INCLUDE_IN_FRAMEWORK_HEADER = YES;
				CLANG_WARN_RANGE_LOOP_ANALYSIS = YES;
				CLANG_WARN_STRICT_PROTOTYPES = YES;
				CLANG_WARN_SUSPICIOUS_MOVE = YES;
				CLANG_WARN_UNGUARDED_AVAILABILITY = YES_AGGRESSIVE;
				CLANG_WARN_UNREACHABLE_CODE = YES;
				CLANG_WARN__DUPLICATE_METHOD_MATCH = YES;
				COPY_PHASE_STRIP = NO;
				DEBUG_INFORMATION_FORMAT = "dwarf-with-dsym";
				ENABLE_NS_ASSERTIONS = NO;
				ENABLE_STRICT_OBJC_MSGSEND = YES;
				GCC_C_LANGUAGE_STANDARD = gnu11;
				GCC_NO_COMMON_BLOCKS = YES;
				GCC_WARN_64_TO_32_BIT_CONVERSION = YES;
				GCC_WARN_ABOUT_RETURN_TYPE = YES_ERROR;
				GCC_WARN_UNDECLARED_SELECTOR = YES;
				GCC_WARN_UNINITIALIZED_AUTOS = YES_AGGRESSIVE;
				GCC_WARN_UNUSED_FUNCTION = YES;
				GCC_WARN_UNUSED_VARIABLE = YES;
				IPHONEOS_DEPLOYMENT_TARGET = 16.4;
				MTL_ENABLE_DEBUG_INFO = NO;
				MTL_FAST_MATH = YES;
				SDKROOT = iphoneos;
				SWIFT_COMPILATION_MODE = wholemodule;
				SWIFT_OPTIMIZATION_LEVEL = "-O";
				VALIDATE_PRODUCT = YES;
			};
			name = Release;
		};
		5EA8F56E2A60164B0091EF91 /* Debug */ = {
			isa = XCBuildConfiguration;
			buildSettings = {
				ASSETCATALOG_COMPILER_APPICON_NAME = AppIcon;
				ASSETCATALOG_COMPILER_GLOBAL_ACCENT_COLOR_NAME = AccentColor;
				CODE_SIGN_STYLE = Automatic;
				CURRENT_PROJECT_VERSION = 1;
				GENERATE_INFOPLIST_FILE = YES;
				INFOPLIST_FILE = App/Info.plist;
				INFOPLIST_KEY_UIApplicationSupportsIndirectInputEvents = YES;
				INFOPLIST_KEY_UILaunchStoryboardName = LaunchScreen;
				INFOPLIST_KEY_UISupportedInterfaceOrientations_iPad = "UIInterfaceOrientationPortrait UIInterfaceOrientationPortraitUpsideDown UIInterfaceOrientationLandscapeLeft UIInterfaceOrientationLandscapeRight";
				INFOPLIST_KEY_UISupportedInterfaceOrientations_iPhone = "UIInterfaceOrientationPortrait UIInterfaceOrientationLandscapeLeft UIInterfaceOrientationLandscapeRight";
				LD_RUNPATH_SEARCH_PATHS = (
					"$(inherited)",
					"@executable_path/Frameworks",
				);
				MARKETING_VERSION = 1.0;
				PRODUCT_BUNDLE_IDENTIFIER = a.App;
				PRODUCT_NAME = "$(TARGET_NAME)";
				SWIFT_EMIT_LOC_STRINGS = YES;
				SWIFT_VERSION = 5.0;
				TARGETED_DEVICE_FAMILY = "1,2";
			};
			name = Debug;
		};
		5EA8F56F2A60164B0091EF91 /* Release */ = {
			isa = XCBuildConfiguration;
			buildSettings = {
				ASSETCATALOG_COMPILER_APPICON_NAME = AppIcon;
				ASSETCATALOG_COMPILER_GLOBAL_ACCENT_COLOR_NAME = AccentColor;
				CODE_SIGN_STYLE = Automatic;
				CURRENT_PROJECT_VERSION = 1;
				GENERATE_INFOPLIST_FILE = YES;
				INFOPLIST_FILE = App/Info.plist;
				INFOPLIST_KEY_UIApplicationSupportsIndirectInputEvents = YES;
				INFOPLIST_KEY_UILaunchStoryboardName = LaunchScreen;
				INFOPLIST_KEY_UISupportedInterfaceOrientations_iPad = "UIInterfaceOrientationPortrait UIInterfaceOrientationPortraitUpsideDown UIInterfaceOrientationLandscapeLeft UIInterfaceOrientationLandscapeRight";
				INFOPLIST_KEY_UISupportedInterfaceOrientations_iPhone = "UIInterfaceOrientationPortrait UIInterfaceOrientationLandscapeLeft UIInterfaceOrientationLandscapeRight";
				LD_RUNPATH_SEARCH_PATHS = (
					"$(inherited)",
					"@executable_path/Frameworks",
				);
				MARKETING_VERSION = 1.0;
				PRODUCT_BUNDLE_IDENTIFIER = a.App;
				PRODUCT_NAME = "$(TARGET_NAME)";
				SWIFT_EMIT_LOC_STRINGS = YES;
				SWIFT_VERSION = 5.0;
				TARGETED_DEVICE_FAMILY = "1,2";
			};
			name = Release;
		};
/* End XCBuildConfiguration section */

/* Begin XCConfigurationList section */
		5EA8F5542A60164A0091EF91 /* Build configuration list for PBXProject "App" */ = {
			isa = XCConfigurationList;
			buildConfigurations = (
				5EA8F56B2A60164B0091EF91 /* Debug */,
				5EA8F56C2A60164B0091EF91 /* Release */,
			);
			defaultConfigurationIsVisible = 0;
			defaultConfigurationName = Release;
		};
		5EA8F56D2A60164B0091EF91 /* Build configuration list for PBXNativeTarget "App" */ = {
			isa = XCConfigurationList;
			buildConfigurations = (
				5EA8F56E2A60164B0091EF91 /* Debug */,
				5EA8F56F2A60164B0091EF91 /* Release */,
			);
			defaultConfigurationIsVisible = 0;
			defaultConfigurationName = Release;
		};
/* End XCConfigurationList section */
	};
	rootObject = 5EA8F5512A60164A0091EF91 /* Project object */;
}
